
Microsoft Visual Studio Solution File, Format Version 12.00
# Visual Studio Version 17
VisualStudioVersion = 17.10.35013.160
MinimumVisualStudioVersion = 10.0.40219.1
Project("{FAE04EC0-301F-11D3-BF4B-00C04F79EFBC}") = "FluxGuard.Api", "FluxGuard.Api\FluxGuard.Api.csproj", "{5E328E84-6AFE-4398-BB22-325C10B8331D}"
EndProject
Project("{FAE04EC0-301F-11D3-BF4B-00C04F79EFBC}") = "FluxGuard.Core", "FluxGuard.Core\FluxGuard.Core.csproj", "{6B7C94CB-7FE2-408D-9308-DEB95ACE6BCE}"
EndProject
Project("{FAE04EC0-301F-11D3-BF4B-00C04F79EFBC}") = "FluxGuard.Infrastructure", "FluxGuard.Infrastructure\FluxGuard.Infrastructure.csproj", "{B325E3A5-934A-4719-95FE-BE7823C9641F}"
EndProject
Global
	GlobalSection(SolutionConfigurationPlatforms) = preSolution
		Debug|Any CPU = Debug|Any CPU
		Release|Any CPU = Release|Any CPU
	EndGlobalSection
	GlobalSection(ProjectConfigurationPlatforms) = postSolution
		{5E328E84-6AFE-4398-BB22-325C10B8331D}.Debug|Any CPU.ActiveCfg = Debug|Any CPU
		{5E328E84-6AFE-4398-BB22-325C10B8331D}.Debug|Any CPU.Build.0 = Debug|Any CPU
		{5E328E84-6AFE-4398-BB22-325C10B8331D}.Release|Any CPU.ActiveCfg = Release|Any CPU
		{5E328E84-6AFE-4398-BB22-325C10B8331D}.Release|Any CPU.Build.0 = Release|Any CPU
		{6B7C94CB-7FE2-408D-9308-DEB95ACE6BCE}.Debug|Any CPU.ActiveCfg = Debug|Any CPU
		{6B7C94CB-7FE2-408D-9308-DEB95ACE6BCE}.Debug|Any CPU.Build.0 = Debug|Any CPU
		{6B7C94CB-7FE2-408D-9308-DEB95ACE6BCE}.Release|Any CPU.ActiveCfg = Release|Any CPU
		{6B7C94CB-7FE2-408D-9308-DEB95ACE6BCE}.Release|Any CPU.Build.0 = Release|Any CPU
		{B325E3A5-934A-4719-95FE-BE7823C9641F}.Debug|Any CPU.ActiveCfg = Debug|Any CPU
		{B325E3A5-934A-4719-95FE-BE7823C9641F}.Debug|Any CPU.Build.0 = Debug|Any CPU
		{B325E3A5-934A-4719-95FE-BE7823C9641F}.Release|Any CPU.ActiveCfg = Release|Any CPU
		{B325E3A5-934A-4719-95FE-BE7823C9641F}.Release|Any CPU.Build.0 = Release|Any CPU
	EndGlobalSection
	GlobalSection(SolutionProperties) = preSolution
		HideSolutionNode = FALSE
	EndGlobalSection
	GlobalSection(ExtensibilityGlobals) = postSolution
		SolutionGuid = {A0635425-90FB-4DC1-8842-C596498597FD}
	EndGlobalSection
EndGlobal
